
Microsoft Visual Studio Solution File, Format Version 12.00
# Visual Studio Version 17
VisualStudioVersion = 17.4.33403.182
MinimumVisualStudioVersion = 10.0.40219.1
Project("{888888A0-9F3D-457C-B088-3A5042F75D52}") = "Learn_PySpark", "Learn_PySpark\Learn_PySpark.pyproj", "{12F5E06B-DB89-45A3-8925-178CE5D7F3EF}"
EndProject
Global
	GlobalSection(SolutionConfigurationPlatforms) = preSolution
		Debug|Any CPU = Debug|Any CPU
		Release|Any CPU = Release|Any CPU
	EndGlobalSection
	GlobalSection(ProjectConfigurationPlatforms) = postSolution
		{12F5E06B-DB89-45A3-8925-178CE5D7F3EF}.Debug|Any CPU.ActiveCfg = Debug|Any CPU
		{12F5E06B-DB89-45A3-8925-178CE5D7F3EF}.Release|Any CPU.ActiveCfg = Release|Any CPU
	EndGlobalSection
	GlobalSection(SolutionProperties) = preSolution
		HideSolutionNode = FALSE
	EndGlobalSection
	GlobalSection(ExtensibilityGlobals) = postSolution
		SolutionGuid = {54095BCF-D64B-4D65-BA3C-4BE8569719BB}
	EndGlobalSection
EndGlobal
